
Microsoft Visual Studio Solution File, Format Version 12.00
# Visual Studio Version 17
VisualStudioVersion = 17.12.35521.163
MinimumVisualStudioVersion = 10.0.40219.1
Project("{FAE04EC0-301F-11D3-BF4B-00C04F79EFBC}") = "Application", "Application\Application.csproj", "{EB86EBC5-C93E-4D49-A5D6-12647B47F675}"
EndProject
Project("{FAE04EC0-301F-11D3-BF4B-00C04F79EFBC}") = "Domain", "Domain\Domain.csproj", "{86A82FBF-FCDF-47B7-98E1-C19040F387C8}"
EndProject
Project("{FAE04EC0-301F-11D3-BF4B-00C04F79EFBC}") = "Infrastructure", "Infrastructure\Infrastructure.csproj", "{6B22A284-59BF-41D7-9430-75FC7EAD62FA}"
EndProject
Project("{FAE04EC0-301F-11D3-BF4B-00C04F79EFBC}") = "Presentation", "Presentation\Presentation.csproj", "{70BB39D6-D3DE-44BA-BE13-B59ED0770103}"
EndProject
Project("{2150E333-8FDC-42A3-9474-1A3956D46DE8}") = "Solution Items", "Solution Items", "{B6973B94-384F-4FC8-A88A-EE80A845F382}"
	ProjectSection(SolutionItems) = preProject
		docker-compose.yml = docker-compose.yml
		Dockerfile = Dockerfile
	EndProjectSection
EndProject
Global
	GlobalSection(SolutionConfigurationPlatforms) = preSolution
		Debug|Any CPU = Debug|Any CPU
		Release|Any CPU = Release|Any CPU
	EndGlobalSection
	GlobalSection(ProjectConfigurationPlatforms) = postSolution
		{EB86EBC5-C93E-4D49-A5D6-12647B47F675}.Debug|Any CPU.ActiveCfg = Debug|Any CPU
		{EB86EBC5-C93E-4D49-A5D6-12647B47F675}.Debug|Any CPU.Build.0 = Debug|Any CPU
		{EB86EBC5-C93E-4D49-A5D6-12647B47F675}.Release|Any CPU.ActiveCfg = Release|Any CPU
		{EB86EBC5-C93E-4D49-A5D6-12647B47F675}.Release|Any CPU.Build.0 = Release|Any CPU
		{86A82FBF-FCDF-47B7-98E1-C19040F387C8}.Debug|Any CPU.ActiveCfg = Debug|Any CPU
		{86A82FBF-FCDF-47B7-98E1-C19040F387C8}.Debug|Any CPU.Build.0 = Debug|Any CPU
		{86A82FBF-FCDF-47B7-98E1-C19040F387C8}.Release|Any CPU.ActiveCfg = Release|Any CPU
		{86A82FBF-FCDF-47B7-98E1-C19040F387C8}.Release|Any CPU.Build.0 = Release|Any CPU
		{6B22A284-59BF-41D7-9430-75FC7EAD62FA}.Debug|Any CPU.ActiveCfg = Debug|Any CPU
		{6B22A284-59BF-41D7-9430-75FC7EAD62FA}.Debug|Any CPU.Build.0 = Debug|Any CPU
		{6B22A284-59BF-41D7-9430-75FC7EAD62FA}.Release|Any CPU.ActiveCfg = Release|Any CPU
		{6B22A284-59BF-41D7-9430-75FC7EAD62FA}.Release|Any CPU.Build.0 = Release|Any CPU
		{70BB39D6-D3DE-44BA-BE13-B59ED0770103}.Debug|Any CPU.ActiveCfg = Debug|Any CPU
		{70BB39D6-D3DE-44BA-BE13-B59ED0770103}.Debug|Any CPU.Build.0 = Debug|Any CPU
		{70BB39D6-D3DE-44BA-BE13-B59ED0770103}.Release|Any CPU.ActiveCfg = Release|Any CPU
		{70BB39D6-D3DE-44BA-BE13-B59ED0770103}.Release|Any CPU.Build.0 = Release|Any CPU
	EndGlobalSection
	GlobalSection(SolutionProperties) = preSolution
		HideSolutionNode = FALSE
	EndGlobalSection
EndGlobal
